// !$*UTF8*$!
{
	archiveVersion = 1;
	classes = {
	};
	objectVersion = 46;
	objects = {

/* Begin PBXBuildFile section */
		550CEC541BE842AC00453C11 /* SDL_FrameBuf.swift in Sources */ = {isa = PBXBuildFile; fileRef = 550CEC531BE842AC00453C11 /* SDL_FrameBuf.swift */; };
		550CEC551BE84B2100453C11 /* pixel.cpp in Sources */ = {isa = PBXBuildFile; fileRef = 1736710800AF2A6D7F000001 /* pixel.cpp */; };
		5515E8201BE609700048605C /* Assets.xcassets in Resources */ = {isa = PBXBuildFile; fileRef = 5515E81F1BE609700048605C /* Assets.xcassets */; };
		5515E82D1BE60A760048605C /* Rect.swift in Sources */ = {isa = PBXBuildFile; fileRef = 5515E82C1BE60A760048605C /* Rect.swift */; };
		5515E82E1BE60F7A0048605C /* main.swift in Sources */ = {isa = PBXBuildFile; fileRef = 55A616511BE5614600AD2049 /* main.swift */; };
		5515E8311BE611310048605C /* Mac_Resource.swift in Sources */ = {isa = PBXBuildFile; fileRef = 5515E8301BE611310048605C /* Mac_Resource.swift */; };
		5515E8341BE6878E0048605C /* MacBinary.swift in Sources */ = {isa = PBXBuildFile; fileRef = 5515E8331BE6878E0048605C /* MacBinary.swift */; };
		5515E8361BE68A7D0048605C /* applefile.swift in Sources */ = {isa = PBXBuildFile; fileRef = 5515E8351BE68A7D0048605C /* applefile.swift */; };
		5529FE581C9B8CE100C8512D /* Shinobi.swift in Sources */ = {isa = PBXBuildFile; fileRef = 5529FE571C9B8CE100C8512D /* Shinobi.swift */; };
		553FA84920168F8E00968E4D /* MainMenu.xib in Resources */ = {isa = PBXBuildFile; fileRef = 5515E8211BE609700048605C /* MainMenu.xib */; };
		554E20921BFA896E00070D91 /* Images in Resources */ = {isa = PBXBuildFile; fileRef = 55D1287F0F09DA7200E06E2A /* Images */; };
		554E20951BFA89DC00070D91 /* InfoPlist.strings in Resources */ = {isa = PBXBuildFile; fileRef = 554E20971BFA89DC00070D91 /* InfoPlist.strings */; };
		554E209A1BFA99D000070D91 /* SColorTable.c in Sources */ = {isa = PBXBuildFile; fileRef = 554E20981BFA99D000070D91 /* SColorTable.c */; };
		555968611BE6EB22003A3001 /* fastrand.cpp in Sources */ = {isa = PBXBuildFile; fileRef = 173670CB00AF29927F000001 /* fastrand.cpp */; };
		555968631BE6EBCB003A3001 /* Mac_Compat.swift in Sources */ = {isa = PBXBuildFile; fileRef = 555968621BE6EBCB003A3001 /* Mac_Compat.swift */; };
		555968651BE6ED5D003A3001 /* Mac_Wave.swift in Sources */ = {isa = PBXBuildFile; fileRef = 555968641BE6ED5D003A3001 /* Mac_Wave.swift */; };
		557258B619E5CC730073CDF2 /* SDLMain.xib in Resources */ = {isa = PBXBuildFile; fileRef = 557258B519E5CC730073CDF2 /* SDLMain.xib */; };
		55732AFF1BF4806600CAFFE4 /* Dialog.swift in Sources */ = {isa = PBXBuildFile; fileRef = 55732AFE1BF4806600CAFFE4 /* Dialog.swift */; };
		55836C651BF3CBA6001605AB /* SwiftLoad.cpp in Sources */ = {isa = PBXBuildFile; fileRef = 55836C631BF3CBA6001605AB /* SwiftLoad.cpp */; };
		55836C671BF3D409001605AB /* NetPlay.swift in Sources */ = {isa = PBXBuildFile; fileRef = 55836C661BF3D409001605AB /* NetPlay.swift */; };
		55875D971C9A77FD009C230B /* SDLHelpers.swift in Sources */ = {isa = PBXBuildFile; fileRef = 55875D961C9A77FD009C230B /* SDLHelpers.swift */; };
		5596588A1BEACEA400D8BB39 /* Object.swift in Sources */ = {isa = PBXBuildFile; fileRef = 559658891BEACEA400D8BB39 /* Object.swift */; };
		55ADA3EA1BFE684400D78509 /* XattrResFork.m in Sources */ = {isa = PBXBuildFile; fileRef = 55ADA3E91BFE684400D78509 /* XattrResFork.m */; };
		55D1282B0F09D59800E06E2A /* SDLMain.m in Sources */ = {isa = PBXBuildFile; fileRef = 00F9DA5100AC730E7F000001 /* SDLMain.m */; };
		55D1282C0F09D59800E06E2A /* checksum.cpp in Sources */ = {isa = PBXBuildFile; fileRef = 173670BC00AF295B7F000001 /* checksum.cpp */; };
		55D1282D0F09D59800E06E2A /* controls.cpp in Sources */ = {isa = PBXBuildFile; fileRef = 173670BF00AF295B7F000001 /* controls.cpp */; };
		55D1282E0F09D59800E06E2A /* dialog.cpp in Sources */ = {isa = PBXBuildFile; fileRef = 173670C100AF295B7F000001 /* dialog.cpp */; };
		55D1282F0F09D59800E06E2A /* fastrand.cpp in Sources */ = {isa = PBXBuildFile; fileRef = 173670CB00AF29927F000001 /* fastrand.cpp */; };
		55D128300F09D59800E06E2A /* init.cpp in Sources */ = {isa = PBXBuildFile; fileRef = 173670CD00AF29927F000001 /* init.cpp */; };
		55D128310F09D59800E06E2A /* load.cpp in Sources */ = {isa = PBXBuildFile; fileRef = 173670CE00AF29927F000001 /* load.cpp */; };
		55D128320F09D59800E06E2A /* main.cpp in Sources */ = {isa = PBXBuildFile; fileRef = 173670D400AF29927F000001 /* main.cpp */; };
		55D128330F09D59800E06E2A /* myerror.cpp in Sources */ = {isa = PBXBuildFile; fileRef = 173670D500AF29927F000001 /* myerror.cpp */; };
		55D128340F09D59800E06E2A /* rect.cpp in Sources */ = {isa = PBXBuildFile; fileRef = 173670D800AF29927F000001 /* rect.cpp */; };
		55D128350F09D59800E06E2A /* scores.cpp in Sources */ = {isa = PBXBuildFile; fileRef = 173670DA00AF29927F000001 /* scores.cpp */; };
		55D128360F09D59800E06E2A /* pixel.cpp in Sources */ = {isa = PBXBuildFile; fileRef = 1736710800AF2A6D7F000001 /* pixel.cpp */; };
		55D128370F09D59800E06E2A /* SDL_FrameBuf.cpp in Sources */ = {isa = PBXBuildFile; fileRef = 1736710B00AF2A6D7F000001 /* SDL_FrameBuf.cpp */; };
		55D128380F09D59800E06E2A /* Mac_FontServ.cpp in Sources */ = {isa = PBXBuildFile; fileRef = 1736711C00AF2C7D7F000001 /* Mac_FontServ.cpp */; };
		55D128390F09D59800E06E2A /* Mac_Resource.cpp in Sources */ = {isa = PBXBuildFile; fileRef = 1736711E00AF2C7D7F000001 /* Mac_Resource.cpp */; };
		55D1283A0F09D59800E06E2A /* Mac_Sound.cpp in Sources */ = {isa = PBXBuildFile; fileRef = 1736712000AF2C7D7F000001 /* Mac_Sound.cpp */; };
		55D1283B0F09D59800E06E2A /* Mac_Wave.cpp in Sources */ = {isa = PBXBuildFile; fileRef = 1736712200AF2C7D7F000001 /* Mac_Wave.cpp */; };
		55D1283C0F09D59800E06E2A /* about.cpp in Sources */ = {isa = PBXBuildFile; fileRef = 00FF5C4A00B0464B7F000001 /* about.cpp */; };
		55D1283D0F09D59800E06E2A /* blit.cpp in Sources */ = {isa = PBXBuildFile; fileRef = 00FF5C4B00B0464B7F000001 /* blit.cpp */; };
		55D1283E0F09D59800E06E2A /* game.cpp in Sources */ = {isa = PBXBuildFile; fileRef = 00FF5C4C00B0464B7F000001 /* game.cpp */; };
		55D1283F0F09D59800E06E2A /* logic.cpp in Sources */ = {isa = PBXBuildFile; fileRef = 00FF5C4E00B0464B7F000001 /* logic.cpp */; };
		55D128400F09D59800E06E2A /* make.cpp in Sources */ = {isa = PBXBuildFile; fileRef = 00FF5C4F00B0464B7F000001 /* make.cpp */; };
		55D128410F09D59800E06E2A /* netplay.cpp in Sources */ = {isa = PBXBuildFile; fileRef = 00FF5C5200B0464B7F000001 /* netplay.cpp */; };
		55D128420F09D59800E06E2A /* object.cpp in Sources */ = {isa = PBXBuildFile; fileRef = 00FF5C5400B0464B7F000001 /* object.cpp */; };
		55D128430F09D59800E06E2A /* player.cpp in Sources */ = {isa = PBXBuildFile; fileRef = 00FF5C5700B0464B7F000001 /* player.cpp */; };
		55D128440F09D59800E06E2A /* netscore.cpp in Sources */ = {isa = PBXBuildFile; fileRef = 0104628800B326437F000001 /* netscore.cpp */; };
		55D128450F09D59800E06E2A /* objects.cpp in Sources */ = {isa = PBXBuildFile; fileRef = 00F8BA57010A53097F000001 /* objects.cpp */; };
		55D128460F09D5C200E06E2A /* InfoPlist.strings in Resources */ = {isa = PBXBuildFile; fileRef = 089C165CFE840E0CC02AAC07 /* InfoPlist.strings */; };
		55D128480F09D5C200E06E2A /* Maelstrom.icns in Resources */ = {isa = PBXBuildFile; fileRef = F5709022010A768101000001 /* Maelstrom.icns */; };
		55D1284E0F09D79100E06E2A /* Cocoa.framework in Frameworks */ = {isa = PBXBuildFile; fileRef = 1058C7A1FEA54F0111CA2CBB /* Cocoa.framework */; };
		55D1284F0F09D79200E06E2A /* SDL2.framework in Frameworks */ = {isa = PBXBuildFile; fileRef = 55D127EF0F09D54000E06E2A /* SDL2.framework */; };
		55D128500F09D79200E06E2A /* SDL2_net.framework in Frameworks */ = {isa = PBXBuildFile; fileRef = 55D127F00F09D54000E06E2A /* SDL2_net.framework */; };
		55D128790F09D9EA00E06E2A /* Maelstrom-netd.c in Sources */ = {isa = PBXBuildFile; fileRef = 1736716C00B03F027F000001 /* Maelstrom-netd.c */; };
		55D1287C0F09DA0A00E06E2A /* Maelstrom_Server in Resources */ = {isa = PBXBuildFile; fileRef = 55D128720F09D9BD00E06E2A /* Maelstrom_Server */; };
		55D1289D0F09DA7200E06E2A /* Images in Resources */ = {isa = PBXBuildFile; fileRef = 55D1287F0F09DA7200E06E2A /* Images */; };
		55D128A20F09DAA400E06E2A /* Maelstrom_Fonts in Resources */ = {isa = PBXBuildFile; fileRef = 55D1289E0F09DAA400E06E2A /* Maelstrom_Fonts */; };
		55D128A30F09DAA400E06E2A /* Maelstrom_Sounds in Resources */ = {isa = PBXBuildFile; fileRef = 55D1289F0F09DAA400E06E2A /* Maelstrom_Sounds */; };
		55D128A40F09DAA400E06E2A /* Maelstrom_Sprites in Resources */ = {isa = PBXBuildFile; fileRef = 55D128A00F09DAA400E06E2A /* Maelstrom_Sprites */; };
		55D128A50F09DAA400E06E2A /* Maelstrom-Scores in Resources */ = {isa = PBXBuildFile; fileRef = 55D128A10F09DAA400E06E2A /* Maelstrom-Scores */; };
		55D128BF0F09DB1C00E06E2A /* icon.bmp in Resources */ = {isa = PBXBuildFile; fileRef = 55D128BE0F09DB1C00E06E2A /* icon.bmp */; };
		55D4F8B61BE7F3DB00F31A0F /* SwiftHelping.swift in Sources */ = {isa = PBXBuildFile; fileRef = 55D4F8B51BE7F3DB00F31A0F /* SwiftHelping.swift */; };
		55D4F8B81BE83ADB00F31A0F /* Mac_FontServ.swift in Sources */ = {isa = PBXBuildFile; fileRef = 55D4F8B71BE83ADB00F31A0F /* Mac_FontServ.swift */; };
		55D4F8BA1BE83B0900F31A0F /* Mac_Sound.swift in Sources */ = {isa = PBXBuildFile; fileRef = 55D4F8B91BE83B0900F31A0F /* Mac_Sound.swift */; };
		55D4F8BB1BE96DEF00F31A0F /* SDL2.framework in Frameworks */ = {isa = PBXBuildFile; fileRef = 55D127EF0F09D54000E06E2A /* SDL2.framework */; };
		55D4F8BC1BE96DEF00F31A0F /* SDL2.framework in Embed Frameworks */ = {isa = PBXBuildFile; fileRef = 55D127EF0F09D54000E06E2A /* SDL2.framework */; settings = {ATTRIBUTES = (CodeSignOnCopy, RemoveHeadersOnCopy, ); }; };
		55D4F8BD1BE96DEF00F31A0F /* SDL2_net.framework in Frameworks */ = {isa = PBXBuildFile; fileRef = 55D127F00F09D54000E06E2A /* SDL2_net.framework */; };
		55D4F8BE1BE96DEF00F31A0F /* SDL2_net.framework in Embed Frameworks */ = {isa = PBXBuildFile; fileRef = 55D127F00F09D54000E06E2A /* SDL2_net.framework */; settings = {ATTRIBUTES = (CodeSignOnCopy, RemoveHeadersOnCopy, ); }; };
		55D4F8C01BE96FBF00F31A0F /* icon.bmp in Resources */ = {isa = PBXBuildFile; fileRef = 55D128BE0F09DB1C00E06E2A /* icon.bmp */; };
		55D4F8C11BE96FC400F31A0F /* Maelstrom_Fonts in Resources */ = {isa = PBXBuildFile; fileRef = 55D1289E0F09DAA400E06E2A /* Maelstrom_Fonts */; };
		55D4F8C21BE96FC400F31A0F /* Maelstrom_Sounds in Resources */ = {isa = PBXBuildFile; fileRef = 55D1289F0F09DAA400E06E2A /* Maelstrom_Sounds */; };
		55D4F8C31BE96FC400F31A0F /* Maelstrom_Sprites in Resources */ = {isa = PBXBuildFile; fileRef = 55D128A00F09DAA400E06E2A /* Maelstrom_Sprites */; };
		55D4F8C41BE96FC400F31A0F /* Maelstrom-Scores in Resources */ = {isa = PBXBuildFile; fileRef = 55D128A10F09DAA400E06E2A /* Maelstrom-Scores */; };
		55D4F8C71BE971C800F31A0F /* Maelstrom_Server in Resources */ = {isa = PBXBuildFile; fileRef = 55D128720F09D9BD00E06E2A /* Maelstrom_Server */; };
		55D4F8C81BE9738E00F31A0F /* SDLMain.swift in Sources */ = {isa = PBXBuildFile; fileRef = 55A6164F1BE55FEC00AD2049 /* SDLMain.swift */; };
		55D4F8CB1BE9747500F31A0F /* Maelstrom.swift in Sources */ = {isa = PBXBuildFile; fileRef = 55D4F8CA1BE9747500F31A0F /* Maelstrom.swift */; };
		55D95E3B1C9B77C3008441E2 /* Make.swift in Sources */ = {isa = PBXBuildFile; fileRef = 55D95E3A1C9B77C3008441E2 /* Make.swift */; };
		55EBAE1E17174CFB0029EB7B /* SDL2.framework in Copy Frameworks */ = {isa = PBXBuildFile; fileRef = 55D127EF0F09D54000E06E2A /* SDL2.framework */; settings = {ATTRIBUTES = (CodeSignOnCopy, ); }; };
		55EBAE1F17174CFF0029EB7B /* SDL2_net.framework in Copy Frameworks */ = {isa = PBXBuildFile; fileRef = 55D127F00F09D54000E06E2A /* SDL2_net.framework */; settings = {ATTRIBUTES = (CodeSignOnCopy, ); }; };
		55FF319E1BF2C5A7001977AD /* Controls.swift in Sources */ = {isa = PBXBuildFile; fileRef = 55FF319D1BF2C5A7001977AD /* Controls.swift */; };
		55FF31A01BF2C627001977AD /* Logic.swift in Sources */ = {isa = PBXBuildFile; fileRef = 55FF319F1BF2C627001977AD /* Logic.swift */; };
		55FF31A21BF2D070001977AD /* Scores.swift in Sources */ = {isa = PBXBuildFile; fileRef = 55FF31A11BF2D070001977AD /* Scores.swift */; };
		55FF31A41BF2E3A6001977AD /* About.swift in Sources */ = {isa = PBXBuildFile; fileRef = 55FF31A31BF2E3A6001977AD /* About.swift */; };
		55FF31A61BF2E3EE001977AD /* Game.swift in Sources */ = {isa = PBXBuildFile; fileRef = 55FF31A51BF2E3EE001977AD /* Game.swift */; };
		55FF31A81BF2E783001977AD /* ButtonList.swift in Sources */ = {isa = PBXBuildFile; fileRef = 55FF31A71BF2E783001977AD /* ButtonList.swift */; };
		55FF31AA1BF321F9001977AD /* Load.swift in Sources */ = {isa = PBXBuildFile; fileRef = 55FF31A91BF321F9001977AD /* Load.swift */; };
		55FF31AC1BF33444001977AD /* init.swift in Sources */ = {isa = PBXBuildFile; fileRef = 55FF31AB1BF33444001977AD /* init.swift */; };
		55FF31AE1BF33A5F001977AD /* Player.swift in Sources */ = {isa = PBXBuildFile; fileRef = 55FF31AD1BF33A5F001977AD /* Player.swift */; };
/* End PBXBuildFile section */

/* Begin PBXContainerItemProxy section */
		55D1287D0F09DA0C00E06E2A /* PBXContainerItemProxy */ = {
			isa = PBXContainerItemProxy;
			containerPortal = 29B97313FDCFA39411CA2CEA /* Project object */;
			proxyType = 1;
			remoteGlobalIDString = 55D128710F09D9BD00E06E2A;
			remoteInfo = Maelstrom_Server;
		};
		55D4F8C51BE971BF00F31A0F /* PBXContainerItemProxy */ = {
			isa = PBXContainerItemProxy;
			containerPortal = 29B97313FDCFA39411CA2CEA /* Project object */;
			proxyType = 1;
			remoteGlobalIDString = 55D128710F09D9BD00E06E2A;
			remoteInfo = Maelstrom_Server;
		};
/* End PBXContainerItemProxy section */

/* Begin PBXCopyFilesBuildPhase section */
		55D4F8BF1BE96DEF00F31A0F /* Embed Frameworks */ = {
			isa = PBXCopyFilesBuildPhase;
			buildActionMask = 2147483647;
			dstPath = "";
			dstSubfolderSpec = 10;
			files = (
				55D4F8BC1BE96DEF00F31A0F /* SDL2.framework in Embed Frameworks */,
				55D4F8BE1BE96DEF00F31A0F /* SDL2_net.framework in Embed Frameworks */,
			);
			name = "Embed Frameworks";
			runOnlyForDeploymentPostprocessing = 0;
		};
		55EBAE1D17174CF20029EB7B /* Copy Frameworks */ = {
			isa = PBXCopyFilesBuildPhase;
			buildActionMask = 2147483647;
			dstPath = "";
			dstSubfolderSpec = 10;
			files = (
				55EBAE1E17174CFB0029EB7B /* SDL2.framework in Copy Frameworks */,
				55EBAE1F17174CFF0029EB7B /* SDL2_net.framework in Copy Frameworks */,
			);
			name = "Copy Frameworks";
			runOnlyForDeploymentPostprocessing = 0;
		};
/* End PBXCopyFilesBuildPhase section */

/* Begin PBXFileReference section */
		00F8BA57010A53097F000001 /* objects.cpp */ = {isa = PBXFileReference; lastKnownFileType = sourcecode.cpp.cpp; path = objects.cpp; sourceTree = "<group>"; };
		00F9DA4F00AC72F57F000001 /* SDLMain.h */ = {isa = PBXFileReference; lastKnownFileType = sourcecode.c.h; path = SDLMain.h; sourceTree = SOURCE_ROOT; };
		00F9DA5100AC730E7F000001 /* SDLMain.m */ = {isa = PBXFileReference; lastKnownFileType = sourcecode.c.objc; path = SDLMain.m; sourceTree = SOURCE_ROOT; };
		00FF5C4A00B0464B7F000001 /* about.cpp */ = {isa = PBXFileReference; lastKnownFileType = sourcecode.cpp.cpp; path = about.cpp; sourceTree = "<group>"; };
		00FF5C4B00B0464B7F000001 /* blit.cpp */ = {isa = PBXFileReference; lastKnownFileType = sourcecode.cpp.cpp; path = blit.cpp; sourceTree = "<group>"; };
		00FF5C4C00B0464B7F000001 /* game.cpp */ = {isa = PBXFileReference; lastKnownFileType = sourcecode.cpp.cpp; path = game.cpp; sourceTree = "<group>"; };
		00FF5C4D00B0464B7F000001 /* globals.h */ = {isa = PBXFileReference; lastKnownFileType = sourcecode.c.h; path = globals.h; sourceTree = "<group>"; };
		00FF5C4E00B0464B7F000001 /* logic.cpp */ = {isa = PBXFileReference; lastKnownFileType = sourcecode.cpp.cpp; path = logic.cpp; sourceTree = "<group>"; };
		00FF5C4F00B0464B7F000001 /* make.cpp */ = {isa = PBXFileReference; lastKnownFileType = sourcecode.cpp.cpp; path = make.cpp; sourceTree = "<group>"; };
		00FF5C5000B0464B7F000001 /* make.h */ = {isa = PBXFileReference; lastKnownFileType = sourcecode.c.h; path = make.h; sourceTree = "<group>"; };
		00FF5C5100B0464B7F000001 /* netlogic.h */ = {isa = PBXFileReference; lastKnownFileType = sourcecode.c.h; path = netlogic.h; sourceTree = "<group>"; };
		00FF5C5200B0464B7F000001 /* netplay.cpp */ = {isa = PBXFileReference; lastKnownFileType = sourcecode.cpp.cpp; path = netplay.cpp; sourceTree = "<group>"; };
		00FF5C5300B0464B7F000001 /* netplay.h */ = {isa = PBXFileReference; lastKnownFileType = sourcecode.c.h; path = netplay.h; sourceTree = "<group>"; };
		00FF5C5400B0464B7F000001 /* object.cpp */ = {isa = PBXFileReference; lastKnownFileType = sourcecode.cpp.cpp; path = object.cpp; sourceTree = "<group>"; };
		00FF5C5500B0464B7F000001 /* object.h */ = {isa = PBXFileReference; lastKnownFileType = sourcecode.c.h; path = object.h; sourceTree = "<group>"; };
		00FF5C5600B0464B7F000001 /* objects.h */ = {isa = PBXFileReference; lastKnownFileType = sourcecode.c.h; path = objects.h; sourceTree = "<group>"; };
		00FF5C5700B0464B7F000001 /* player.cpp */ = {isa = PBXFileReference; lastKnownFileType = sourcecode.cpp.cpp; path = player.cpp; sourceTree = "<group>"; };
		00FF5C5800B0464B7F000001 /* player.h */ = {isa = PBXFileReference; lastKnownFileType = sourcecode.c.h; path = player.h; sourceTree = "<group>"; };
		00FF5C5900B0464B7F000001 /* protocol.h */ = {isa = PBXFileReference; lastKnownFileType = sourcecode.c.h; path = protocol.h; sourceTree = "<group>"; };
		00FF5C5A00B0464B7F000001 /* shinobi.h */ = {isa = PBXFileReference; lastKnownFileType = sourcecode.c.h; path = shinobi.h; sourceTree = "<group>"; };
		0104628800B326437F000001 /* netscore.cpp */ = {isa = PBXFileReference; lastKnownFileType = sourcecode.cpp.cpp; path = netscore.cpp; sourceTree = "<group>"; };
		089C165DFE840E0CC02AAC07 /* English */ = {isa = PBXFileReference; fileEncoding = 4; lastKnownFileType = text.plist.strings; name = English; path = English.lproj/InfoPlist.strings; sourceTree = "<group>"; };
		1058C7A1FEA54F0111CA2CBB /* Cocoa.framework */ = {isa = PBXFileReference; lastKnownFileType = wrapper.framework; name = Cocoa.framework; path = System/Library/Frameworks/Cocoa.framework; sourceTree = SDKROOT; };
		173670BB00AF295B7F000001 /* buttonlist.h */ = {isa = PBXFileReference; lastKnownFileType = sourcecode.c.h; path = buttonlist.h; sourceTree = "<group>"; };
		173670BC00AF295B7F000001 /* checksum.cpp */ = {isa = PBXFileReference; lastKnownFileType = sourcecode.cpp.cpp; path = checksum.cpp; sourceTree = "<group>"; };
		173670BD00AF295B7F000001 /* checksum.h */ = {isa = PBXFileReference; lastKnownFileType = sourcecode.c.h; path = checksum.h; sourceTree = "<group>"; };
		173670BE00AF295B7F000001 /* colortable.h */ = {isa = PBXFileReference; lastKnownFileType = sourcecode.c.h; path = colortable.h; sourceTree = "<group>"; };
		173670BF00AF295B7F000001 /* controls.cpp */ = {isa = PBXFileReference; lastKnownFileType = sourcecode.cpp.cpp; path = controls.cpp; sourceTree = "<group>"; };
		173670C000AF295B7F000001 /* controls.h */ = {isa = PBXFileReference; lastKnownFileType = sourcecode.c.h; path = controls.h; sourceTree = "<group>"; };
		173670C100AF295B7F000001 /* dialog.cpp */ = {isa = PBXFileReference; lastKnownFileType = sourcecode.cpp.cpp; path = dialog.cpp; sourceTree = "<group>"; };
		173670C200AF295B7F000001 /* dialog.h */ = {isa = PBXFileReference; lastKnownFileType = sourcecode.c.h; path = dialog.h; sourceTree = "<group>"; };
		173670CB00AF29927F000001 /* fastrand.cpp */ = {isa = PBXFileReference; lastKnownFileType = sourcecode.cpp.cpp; path = fastrand.cpp; sourceTree = "<group>"; };
		173670CC00AF29927F000001 /* fastrand.h */ = {isa = PBXFileReference; lastKnownFileType = sourcecode.c.h; path = fastrand.h; sourceTree = "<group>"; };
		173670CD00AF29927F000001 /* init.cpp */ = {isa = PBXFileReference; lastKnownFileType = sourcecode.cpp.cpp; path = init.cpp; sourceTree = "<group>"; };
		173670CE00AF29927F000001 /* load.cpp */ = {isa = PBXFileReference; lastKnownFileType = sourcecode.cpp.cpp; path = load.cpp; sourceTree = "<group>"; };
		173670CF00AF29927F000001 /* load.h */ = {isa = PBXFileReference; lastKnownFileType = sourcecode.c.h; path = load.h; sourceTree = "<group>"; };
		173670D000AF29927F000001 /* logic.h */ = {isa = PBXFileReference; lastKnownFileType = sourcecode.c.h; path = logic.h; sourceTree = "<group>"; };
		173670D100AF29927F000001 /* Maelstrom_Globals.h */ = {isa = PBXFileReference; lastKnownFileType = sourcecode.c.h; path = Maelstrom_Globals.h; sourceTree = "<group>"; };
		173670D300AF29927F000001 /* Maelstrom.h */ = {isa = PBXFileReference; lastKnownFileType = sourcecode.c.h; path = Maelstrom.h; sourceTree = "<group>"; };
		173670D400AF29927F000001 /* main.cpp */ = {isa = PBXFileReference; lastKnownFileType = sourcecode.cpp.cpp; path = main.cpp; sourceTree = "<group>"; };
		173670D500AF29927F000001 /* myerror.cpp */ = {isa = PBXFileReference; lastKnownFileType = sourcecode.cpp.cpp; path = myerror.cpp; sourceTree = "<group>"; };
		173670D600AF29927F000001 /* myerror.h */ = {isa = PBXFileReference; lastKnownFileType = sourcecode.c.h; path = myerror.h; sourceTree = "<group>"; };
		173670D700AF29927F000001 /* public_key.h */ = {isa = PBXFileReference; lastKnownFileType = sourcecode.c.h; path = public_key.h; sourceTree = "<group>"; };
		173670D800AF29927F000001 /* rect.cpp */ = {isa = PBXFileReference; lastKnownFileType = sourcecode.cpp.cpp; path = rect.cpp; sourceTree = "<group>"; };
		173670D900AF29927F000001 /* rect.h */ = {isa = PBXFileReference; lastKnownFileType = sourcecode.c.h; path = rect.h; sourceTree = "<group>"; };
		173670DA00AF29927F000001 /* scores.cpp */ = {isa = PBXFileReference; lastKnownFileType = sourcecode.cpp.cpp; path = scores.cpp; sourceTree = "<group>"; };
		173670DB00AF29927F000001 /* scores.h */ = {isa = PBXFileReference; lastKnownFileType = sourcecode.c.h; path = scores.h; sourceTree = "<group>"; };
		1736710800AF2A6D7F000001 /* pixel.cpp */ = {isa = PBXFileReference; lastKnownFileType = sourcecode.cpp.cpp; path = pixel.cpp; sourceTree = "<group>"; };
		1736710900AF2A6D7F000001 /* pixel.h */ = {isa = PBXFileReference; lastKnownFileType = sourcecode.c.h; path = pixel.h; sourceTree = "<group>"; };
		1736710B00AF2A6D7F000001 /* SDL_FrameBuf.cpp */ = {isa = PBXFileReference; lastKnownFileType = sourcecode.cpp.cpp; path = SDL_FrameBuf.cpp; sourceTree = "<group>"; };
		1736710C00AF2A6D7F000001 /* SDL_FrameBuf.h */ = {isa = PBXFileReference; lastKnownFileType = sourcecode.c.h; path = SDL_FrameBuf.h; sourceTree = "<group>"; };
		1736711500AF2C257F000001 /* config.h */ = {isa = PBXFileReference; lastKnownFileType = sourcecode.c.h; path = config.h; sourceTree = "<group>"; };
		1736711800AF2C7D7F000001 /* applefile.h */ = {isa = PBXFileReference; lastKnownFileType = sourcecode.c.h; path = applefile.h; sourceTree = "<group>"; };
		1736711900AF2C7D7F000001 /* bitesex.h */ = {isa = PBXFileReference; lastKnownFileType = sourcecode.c.h; path = bitesex.h; sourceTree = "<group>"; };
		1736711B00AF2C7D7F000001 /* Mac_Compat.h */ = {isa = PBXFileReference; lastKnownFileType = sourcecode.c.h; path = Mac_Compat.h; sourceTree = "<group>"; };
		1736711C00AF2C7D7F000001 /* Mac_FontServ.cpp */ = {isa = PBXFileReference; lastKnownFileType = sourcecode.cpp.cpp; path = Mac_FontServ.cpp; sourceTree = "<group>"; };
		1736711D00AF2C7D7F000001 /* Mac_FontServ.h */ = {isa = PBXFileReference; lastKnownFileType = sourcecode.c.h; path = Mac_FontServ.h; sourceTree = "<group>"; };
		1736711E00AF2C7D7F000001 /* Mac_Resource.cpp */ = {isa = PBXFileReference; lastKnownFileType = sourcecode.cpp.cpp; path = Mac_Resource.cpp; sourceTree = "<group>"; };
		1736711F00AF2C7D7F000001 /* Mac_Resource.h */ = {isa = PBXFileReference; lastKnownFileType = sourcecode.c.h; path = Mac_Resource.h; sourceTree = "<group>"; };
		1736712000AF2C7D7F000001 /* Mac_Sound.cpp */ = {isa = PBXFileReference; lastKnownFileType = sourcecode.cpp.cpp; path = Mac_Sound.cpp; sourceTree = "<group>"; };
		1736712100AF2C7D7F000001 /* Mac_Sound.h */ = {isa = PBXFileReference; lastKnownFileType = sourcecode.c.h; path = Mac_Sound.h; sourceTree = "<group>"; };
		1736712200AF2C7D7F000001 /* Mac_Wave.cpp */ = {isa = PBXFileReference; lastKnownFileType = sourcecode.cpp.cpp; path = Mac_Wave.cpp; sourceTree = "<group>"; };
		1736712300AF2C7D7F000001 /* Mac_Wave.h */ = {isa = PBXFileReference; lastKnownFileType = sourcecode.c.h; path = Mac_Wave.h; sourceTree = "<group>"; };
		1736716C00B03F027F000001 /* Maelstrom-netd.c */ = {isa = PBXFileReference; lastKnownFileType = sourcecode.c.c; name = "Maelstrom-netd.c"; path = "../Maelstrom-netd.c"; sourceTree = SOURCE_ROOT; };
		29B97324FDCFA39411CA2CEA /* AppKit.framework */ = {isa = PBXFileReference; lastKnownFileType = wrapper.framework; name = AppKit.framework; path = System/Library/Frameworks/AppKit.framework; sourceTree = SDKROOT; };
		29B97325FDCFA39411CA2CEA /* Foundation.framework */ = {isa = PBXFileReference; lastKnownFileType = wrapper.framework; name = Foundation.framework; path = System/Library/Frameworks/Foundation.framework; sourceTree = SDKROOT; };
		550CEC531BE842AC00453C11 /* SDL_FrameBuf.swift */ = {isa = PBXFileReference; fileEncoding = 4; lastKnownFileType = sourcecode.swift; path = SDL_FrameBuf.swift; sourceTree = "<group>"; };
		5515E81B1BE609700048605C /* Swift Maelstrom.app */ = {isa = PBXFileReference; explicitFileType = wrapper.application; includeInIndex = 0; path = "Swift Maelstrom.app"; sourceTree = BUILT_PRODUCTS_DIR; };
		5515E81F1BE609700048605C /* Assets.xcassets */ = {isa = PBXFileReference; lastKnownFileType = folder.assetcatalog; path = Assets.xcassets; sourceTree = "<group>"; };
		5515E8221BE609700048605C /* Base */ = {isa = PBXFileReference; lastKnownFileType = file.xib; name = Base; path = Base.lproj/MainMenu.xib; sourceTree = "<group>"; };
		5515E8241BE609700048605C /* Info.plist */ = {isa = PBXFileReference; lastKnownFileType = text.plist.xml; path = Info.plist; sourceTree = "<group>"; };
		5515E82A1BE609B40048605C /* bridge.h */ = {isa = PBXFileReference; lastKnownFileType = sourcecode.c.h; name = bridge.h; path = "Swift Maelstrom/bridge.h"; sourceTree = SOURCE_ROOT; };
		5515E82C1BE60A760048605C /* Rect.swift */ = {isa = PBXFileReference; fileEncoding = 4; lastKnownFileType = sourcecode.swift; path = Rect.swift; sourceTree = "<group>"; };
		5515E8301BE611310048605C /* Mac_Resource.swift */ = {isa = PBXFileReference; fileEncoding = 4; lastKnownFileType = sourcecode.swift; path = Mac_Resource.swift; sourceTree = "<group>"; };
		5515E8321BE686AE0048605C /* macbinary.h */ = {isa = PBXFileReference; lastKnownFileType = sourcecode.c.h; path = macbinary.h; sourceTree = "<group>"; };
		5515E8331BE6878E0048605C /* MacBinary.swift */ = {isa = PBXFileReference; fileEncoding = 4; lastKnownFileType = sourcecode.swift; path = MacBinary.swift; sourceTree = "<group>"; };
		5515E8351BE68A7D0048605C /* applefile.swift */ = {isa = PBXFileReference; fileEncoding = 4; lastKnownFileType = sourcecode.swift; path = applefile.swift; sourceTree = "<group>"; };
		5529FE571C9B8CE100C8512D /* Shinobi.swift */ = {isa = PBXFileReference; fileEncoding = 4; lastKnownFileType = sourcecode.swift; path = Shinobi.swift; sourceTree = "<group>"; };
		554E20961BFA89DC00070D91 /* en */ = {isa = PBXFileReference; lastKnownFileType = text.plist.strings; name = en; path = en.lproj/InfoPlist.strings; sourceTree = "<group>"; };
		554E20981BFA99D000070D91 /* SColorTable.c */ = {isa = PBXFileReference; fileEncoding = 4; lastKnownFileType = sourcecode.c.c; path = SColorTable.c; sourceTree = "<group>"; };
		554E20991BFA99D000070D91 /* SColorTable.h */ = {isa = PBXFileReference; fileEncoding = 4; lastKnownFileType = sourcecode.c.h; path = SColorTable.h; sourceTree = "<group>"; };
		555968621BE6EBCB003A3001 /* Mac_Compat.swift */ = {isa = PBXFileReference; fileEncoding = 4; lastKnownFileType = sourcecode.swift; path = Mac_Compat.swift; sourceTree = "<group>"; };
		555968641BE6ED5D003A3001 /* Mac_Wave.swift */ = {isa = PBXFileReference; fileEncoding = 4; lastKnownFileType = sourcecode.swift; path = Mac_Wave.swift; sourceTree = "<group>"; };
		557258B519E5CC730073CDF2 /* SDLMain.xib */ = {isa = PBXFileReference; fileEncoding = 4; lastKnownFileType = file.xib; path = SDLMain.xib; sourceTree = "<group>"; };
		55732AFE1BF4806600CAFFE4 /* Dialog.swift */ = {isa = PBXFileReference; fileEncoding = 4; lastKnownFileType = sourcecode.swift; path = Dialog.swift; sourceTree = "<group>"; };
		55836C631BF3CBA6001605AB /* SwiftLoad.cpp */ = {isa = PBXFileReference; fileEncoding = 4; lastKnownFileType = sourcecode.cpp.cpp; path = SwiftLoad.cpp; sourceTree = "<group>"; };
		55836C661BF3D409001605AB /* NetPlay.swift */ = {isa = PBXFileReference; fileEncoding = 4; lastKnownFileType = sourcecode.swift; path = NetPlay.swift; sourceTree = "<group>"; };
		55875D961C9A77FD009C230B /* SDLHelpers.swift */ = {isa = PBXFileReference; fileEncoding = 4; lastKnownFileType = sourcecode.swift; path = SDLHelpers.swift; sourceTree = "<group>"; };
		55875D981C9A7E68009C230B /* SwiftLoad.h */ = {isa = PBXFileReference; fileEncoding = 4; lastKnownFileType = sourcecode.c.h; path = SwiftLoad.h; sourceTree = "<group>"; };
		559658891BEACEA400D8BB39 /* Object.swift */ = {isa = PBXFileReference; fileEncoding = 4; lastKnownFileType = sourcecode.swift; path = Object.swift; sourceTree = "<group>"; };
		55A6164E1BE55FEA00AD2049 /* Maelstrom-UB-Bridging-Header.h */ = {isa = PBXFileReference; lastKnownFileType = sourcecode.c.h; path = "Maelstrom-UB-Bridging-Header.h"; sourceTree = "<group>"; };
		55A6164F1BE55FEC00AD2049 /* SDLMain.swift */ = {isa = PBXFileReference; fileEncoding = 4; lastKnownFileType = sourcecode.swift; path = SDLMain.swift; sourceTree = "<group>"; };
		55A616511BE5614600AD2049 /* main.swift */ = {isa = PBXFileReference; fileEncoding = 4; lastKnownFileType = sourcecode.swift; path = main.swift; sourceTree = "<group>"; };
		55A616531BE575CA00AD2049 /* checksum-CC.cpp */ = {isa = PBXFileReference; fileEncoding = 4; lastKnownFileType = sourcecode.cpp.cpp; name = "checksum-CC.cpp"; path = "PBProjects/checksum-CC.cpp"; sourceTree = "<group>"; };
		55ADA3E91BFE684400D78509 /* XattrResFork.m */ = {isa = PBXFileReference; fileEncoding = 4; lastKnownFileType = sourcecode.c.objc; path = XattrResFork.m; sourceTree = "<group>"; };
		55ADA3EB1BFE68CD00D78509 /* XattrResFork.h */ = {isa = PBXFileReference; lastKnownFileType = sourcecode.c.h; path = XattrResFork.h; sourceTree = "<group>"; };
		55D127EF0F09D54000E06E2A /* SDL2.framework */ = {isa = PBXFileReference; lastKnownFileType = wrapper.framework; name = SDL2.framework; path = /Library/Frameworks/SDL2.framework; sourceTree = "<absolute>"; };
		55D127F00F09D54000E06E2A /* SDL2_net.framework */ = {isa = PBXFileReference; lastKnownFileType = wrapper.framework; name = SDL2_net.framework; path = /Library/Frameworks/SDL2_net.framework; sourceTree = "<absolute>"; };
		55D128240F09D57F00E06E2A /* Maelstrom.app */ = {isa = PBXFileReference; explicitFileType = wrapper.application; includeInIndex = 0; path = Maelstrom.app; sourceTree = BUILT_PRODUCTS_DIR; };
		55D128260F09D57F00E06E2A /* Maelstrom-UB-Info.plist */ = {isa = PBXFileReference; lastKnownFileType = text.plist.xml; path = "Maelstrom-UB-Info.plist"; sourceTree = "<group>"; };
		55D128510F09D7B200E06E2A /* Carbon.framework */ = {isa = PBXFileReference; lastKnownFileType = wrapper.framework; name = Carbon.framework; path = System/Library/Frameworks/Carbon.framework; sourceTree = SDKROOT; };
		55D128580F09D7DC00E06E2A /* AGL.framework */ = {isa = PBXFileReference; lastKnownFileType = wrapper.framework; name = AGL.framework; path = System/Library/Frameworks/AGL.framework; sourceTree = SDKROOT; };
		55D128590F09D7DC00E06E2A /* IOKit.framework */ = {isa = PBXFileReference; lastKnownFileType = wrapper.framework; name = IOKit.framework; path = System/Library/Frameworks/IOKit.framework; sourceTree = SDKROOT; };
		55D1285A0F09D7DC00E06E2A /* OpenGL.framework */ = {isa = PBXFileReference; lastKnownFileType = wrapper.framework; name = OpenGL.framework; path = System/Library/Frameworks/OpenGL.framework; sourceTree = SDKROOT; };
		55D128720F09D9BD00E06E2A /* Maelstrom_Server */ = {isa = PBXFileReference; explicitFileType = "compiled.mach-o.executable"; includeInIndex = 0; path = Maelstrom_Server; sourceTree = BUILT_PRODUCTS_DIR; };
		55D1287F0F09DA7200E06E2A /* Images */ = {isa = PBXFileReference; lastKnownFileType = folder; name = Images; path = ../Images; sourceTree = SOURCE_ROOT; };
		55D1289E0F09DAA400E06E2A /* Maelstrom_Fonts */ = {isa = PBXFileReference; lastKnownFileType = file; name = Maelstrom_Fonts; path = ../Maelstrom_Fonts; sourceTree = SOURCE_ROOT; };
		55D1289F0F09DAA400E06E2A /* Maelstrom_Sounds */ = {isa = PBXFileReference; lastKnownFileType = file; name = Maelstrom_Sounds; path = ../Maelstrom_Sounds; sourceTree = SOURCE_ROOT; };
		55D128A00F09DAA400E06E2A /* Maelstrom_Sprites */ = {isa = PBXFileReference; lastKnownFileType = file; name = Maelstrom_Sprites; path = ../Maelstrom_Sprites; sourceTree = SOURCE_ROOT; };
		55D128A10F09DAA400E06E2A /* Maelstrom-Scores */ = {isa = PBXFileReference; lastKnownFileType = file; name = "Maelstrom-Scores"; path = "../Maelstrom-Scores"; sourceTree = SOURCE_ROOT; };
		55D128BE0F09DB1C00E06E2A /* icon.bmp */ = {isa = PBXFileReference; lastKnownFileType = image.bmp; name = icon.bmp; path = ../icon.bmp; sourceTree = SOURCE_ROOT; };
		55D4F8B51BE7F3DB00F31A0F /* SwiftHelping.swift */ = {isa = PBXFileReference; fileEncoding = 4; lastKnownFileType = sourcecode.swift; path = SwiftHelping.swift; sourceTree = "<group>"; };
		55D4F8B71BE83ADB00F31A0F /* Mac_FontServ.swift */ = {isa = PBXFileReference; fileEncoding = 4; lastKnownFileType = sourcecode.swift; path = Mac_FontServ.swift; sourceTree = "<group>"; };
		55D4F8B91BE83B0900F31A0F /* Mac_Sound.swift */ = {isa = PBXFileReference; fileEncoding = 4; lastKnownFileType = sourcecode.swift; path = Mac_Sound.swift; sourceTree = "<group>"; };
		55D4F8CA1BE9747500F31A0F /* Maelstrom.swift */ = {isa = PBXFileReference; fileEncoding = 4; lastKnownFileType = sourcecode.swift; path = Maelstrom.swift; sourceTree = "<group>"; };
		55D95E3A1C9B77C3008441E2 /* Make.swift */ = {isa = PBXFileReference; fileEncoding = 4; lastKnownFileType = sourcecode.swift; path = Make.swift; sourceTree = "<group>"; };
		55FF319D1BF2C5A7001977AD /* Controls.swift */ = {isa = PBXFileReference; fileEncoding = 4; lastKnownFileType = sourcecode.swift; path = Controls.swift; sourceTree = "<group>"; };
		55FF319F1BF2C627001977AD /* Logic.swift */ = {isa = PBXFileReference; fileEncoding = 4; lastKnownFileType = sourcecode.swift; path = Logic.swift; sourceTree = "<group>"; };
		55FF31A11BF2D070001977AD /* Scores.swift */ = {isa = PBXFileReference; fileEncoding = 4; lastKnownFileType = sourcecode.swift; path = Scores.swift; sourceTree = "<group>"; };
		55FF31A31BF2E3A6001977AD /* About.swift */ = {isa = PBXFileReference; fileEncoding = 4; lastKnownFileType = sourcecode.swift; path = About.swift; sourceTree = "<group>"; };
		55FF31A51BF2E3EE001977AD /* Game.swift */ = {isa = PBXFileReference; fileEncoding = 4; lastKnownFileType = sourcecode.swift; path = Game.swift; sourceTree = "<group>"; };
		55FF31A71BF2E783001977AD /* ButtonList.swift */ = {isa = PBXFileReference; fileEncoding = 4; lastKnownFileType = sourcecode.swift; path = ButtonList.swift; sourceTree = "<group>"; };
		55FF31A91BF321F9001977AD /* Load.swift */ = {isa = PBXFileReference; fileEncoding = 4; lastKnownFileType = sourcecode.swift; path = Load.swift; sourceTree = "<group>"; };
		55FF31AB1BF33444001977AD /* init.swift */ = {isa = PBXFileReference; fileEncoding = 4; lastKnownFileType = sourcecode.swift; path = init.swift; sourceTree = "<group>"; };
		55FF31AD1BF33A5F001977AD /* Player.swift */ = {isa = PBXFileReference; fileEncoding = 4; lastKnownFileType = sourcecode.swift; path = Player.swift; sourceTree = "<group>"; };
		F5709022010A768101000001 /* Maelstrom.icns */ = {isa = PBXFileReference; lastKnownFileType = image.icns; path = Maelstrom.icns; sourceTree = "<group>"; };
/* End PBXFileReference section */

/* Begin PBXFrameworksBuildPhase section */
		5515E8181BE609700048605C /* Frameworks */ = {
			isa = PBXFrameworksBuildPhase;
			buildActionMask = 2147483647;
			files = (
				55D4F8BB1BE96DEF00F31A0F /* SDL2.framework in Frameworks */,
				55D4F8BD1BE96DEF00F31A0F /* SDL2_net.framework in Frameworks */,
			);
			runOnlyForDeploymentPostprocessing = 0;
		};
		55D128220F09D57F00E06E2A /* Frameworks */ = {
			isa = PBXFrameworksBuildPhase;
			buildActionMask = 2147483647;
			files = (
				55D1284E0F09D79100E06E2A /* Cocoa.framework in Frameworks */,
				55D1284F0F09D79200E06E2A /* SDL2.framework in Frameworks */,
				55D128500F09D79200E06E2A /* SDL2_net.framework in Frameworks */,
			);
			runOnlyForDeploymentPostprocessing = 0;
		};
		55D128700F09D9BD00E06E2A /* Frameworks */ = {
			isa = PBXFrameworksBuildPhase;
			buildActionMask = 2147483647;
			files = (
			);
			runOnlyForDeploymentPostprocessing = 0;
		};
/* End PBXFrameworksBuildPhase section */

/* Begin PBXGroup section */
		00FF5C4900B0464B7F000001 /* netlogic */ = {
			isa = PBXGroup;
			children = (
				00FF5C4A00B0464B7F000001 /* about.cpp */,
				00FF5C4B00B0464B7F000001 /* blit.cpp */,
				00FF5C4C00B0464B7F000001 /* game.cpp */,
				00FF5C4D00B0464B7F000001 /* globals.h */,
				00FF5C4E00B0464B7F000001 /* logic.cpp */,
				00FF5C4F00B0464B7F000001 /* make.cpp */,
				00FF5C5000B0464B7F000001 /* make.h */,
				00FF5C5100B0464B7F000001 /* netlogic.h */,
				00FF5C5200B0464B7F000001 /* netplay.cpp */,
				00FF5C5300B0464B7F000001 /* netplay.h */,
				00FF5C5400B0464B7F000001 /* object.cpp */,
				00FF5C5500B0464B7F000001 /* object.h */,
				00F8BA57010A53097F000001 /* objects.cpp */,
				00FF5C5600B0464B7F000001 /* objects.h */,
				00FF5C5700B0464B7F000001 /* player.cpp */,
				00FF5C5800B0464B7F000001 /* player.h */,
				00FF5C5900B0464B7F000001 /* protocol.h */,
				00FF5C5A00B0464B7F000001 /* shinobi.h */,
			);
			path = netlogic;
			sourceTree = "<group>";
		};
		080E96DDFE201D6D7F000001 /* Classes */ = {
			isa = PBXGroup;
			children = (
				00F9DA4F00AC72F57F000001 /* SDLMain.h */,
				00F9DA5100AC730E7F000001 /* SDLMain.m */,
			);
			name = Classes;
			sourceTree = SOURCE_ROOT;
		};
		1058C7A0FEA54F0111CA2CBB /* Linked Frameworks */ = {
			isa = PBXGroup;
			children = (
				55D128580F09D7DC00E06E2A /* AGL.framework */,
				55D128590F09D7DC00E06E2A /* IOKit.framework */,
				55D1285A0F09D7DC00E06E2A /* OpenGL.framework */,
				55D128510F09D7B200E06E2A /* Carbon.framework */,
				55D127EF0F09D54000E06E2A /* SDL2.framework */,
				55D127F00F09D54000E06E2A /* SDL2_net.framework */,
				1058C7A1FEA54F0111CA2CBB /* Cocoa.framework */,
			);
			name = "Linked Frameworks";
			sourceTree = "<group>";
		};
		1058C7A2FEA54F0111CA2CBB /* Other Frameworks */ = {
			isa = PBXGroup;
			children = (
				29B97325FDCFA39411CA2CEA /* Foundation.framework */,
				29B97324FDCFA39411CA2CEA /* AppKit.framework */,
			);
			name = "Other Frameworks";
			sourceTree = "<group>";
		};
		173670BA00AF294B7F000001 /* Maelstrom Sources */ = {
			isa = PBXGroup;
			children = (
				173670BB00AF295B7F000001 /* buttonlist.h */,
				55A616531BE575CA00AD2049 /* checksum-CC.cpp */,
				173670BC00AF295B7F000001 /* checksum.cpp */,
				173670BD00AF295B7F000001 /* checksum.h */,
				173670BE00AF295B7F000001 /* colortable.h */,
				173670BF00AF295B7F000001 /* controls.cpp */,
				173670C000AF295B7F000001 /* controls.h */,
				173670C100AF295B7F000001 /* dialog.cpp */,
				173670C200AF295B7F000001 /* dialog.h */,
				173670CB00AF29927F000001 /* fastrand.cpp */,
				173670CC00AF29927F000001 /* fastrand.h */,
				173670CD00AF29927F000001 /* init.cpp */,
				173670CE00AF29927F000001 /* load.cpp */,
				173670CF00AF29927F000001 /* load.h */,
				173670D000AF29927F000001 /* logic.h */,
				173670D100AF29927F000001 /* Maelstrom_Globals.h */,
				173670D300AF29927F000001 /* Maelstrom.h */,
				173670D400AF29927F000001 /* main.cpp */,
				173670D500AF29927F000001 /* myerror.cpp */,
				173670D600AF29927F000001 /* myerror.h */,
				0104628800B326437F000001 /* netscore.cpp */,
				173670D700AF29927F000001 /* public_key.h */,
				173670D800AF29927F000001 /* rect.cpp */,
				173670D900AF29927F000001 /* rect.h */,
				173670DA00AF29927F000001 /* scores.cpp */,
				173670DB00AF29927F000001 /* scores.h */,
				00FF5C4900B0464B7F000001 /* netlogic */,
				1736711700AF2C7D7F000001 /* maclib */,
				1736710400AF2A6D7F000001 /* screenlib */,
			);
			name = "Maelstrom Sources";
			path = ..;
			sourceTree = "<group>";
		};
		1736710400AF2A6D7F000001 /* screenlib */ = {
			isa = PBXGroup;
			children = (
				1736710800AF2A6D7F000001 /* pixel.cpp */,
				1736710900AF2A6D7F000001 /* pixel.h */,
				1736710B00AF2A6D7F000001 /* SDL_FrameBuf.cpp */,
				1736710C00AF2A6D7F000001 /* SDL_FrameBuf.h */,
			);
			path = screenlib;
			sourceTree = "<group>";
		};
		1736711700AF2C7D7F000001 /* maclib */ = {
			isa = PBXGroup;
			children = (
				1736711800AF2C7D7F000001 /* applefile.h */,
				5515E8321BE686AE0048605C /* macbinary.h */,
				1736711900AF2C7D7F000001 /* bitesex.h */,
				1736711B00AF2C7D7F000001 /* Mac_Compat.h */,
				1736711C00AF2C7D7F000001 /* Mac_FontServ.cpp */,
				1736711D00AF2C7D7F000001 /* Mac_FontServ.h */,
				1736711E00AF2C7D7F000001 /* Mac_Resource.cpp */,
				1736711F00AF2C7D7F000001 /* Mac_Resource.h */,
				1736712000AF2C7D7F000001 /* Mac_Sound.cpp */,
				1736712100AF2C7D7F000001 /* Mac_Sound.h */,
				1736712200AF2C7D7F000001 /* Mac_Wave.cpp */,
				1736712300AF2C7D7F000001 /* Mac_Wave.h */,
			);
			path = maclib;
			sourceTree = "<group>";
		};
		19C28FACFE9D520D11CA2CBB /* Products */ = {
			isa = PBXGroup;
			children = (
				55D128240F09D57F00E06E2A /* Maelstrom.app */,
				55D128720F09D9BD00E06E2A /* Maelstrom_Server */,
				5515E81B1BE609700048605C /* Swift Maelstrom.app */,
			);
			name = Products;
			sourceTree = "<group>";
		};
		29B97314FDCFA39411CA2CEA /* SDL Application */ = {
			isa = PBXGroup;
			children = (
				173670BA00AF294B7F000001 /* Maelstrom Sources */,
				080E96DDFE201D6D7F000001 /* Classes */,
				29B97315FDCFA39411CA2CEA /* Other Sources */,
				29B97317FDCFA39411CA2CEA /* Resources */,
				5515E81C1BE609700048605C /* Swift Maelstrom */,
				29B97323FDCFA39411CA2CEA /* Frameworks */,
				19C28FACFE9D520D11CA2CBB /* Products */,
				1736716C00B03F027F000001 /* Maelstrom-netd.c */,
				55D128260F09D57F00E06E2A /* Maelstrom-UB-Info.plist */,
			);
			name = "SDL Application";
			sourceTree = "<group>";
		};
		29B97315FDCFA39411CA2CEA /* Other Sources */ = {
			isa = PBXGroup;
			children = (
				55A6164E1BE55FEA00AD2049 /* Maelstrom-UB-Bridging-Header.h */,
				1736711500AF2C257F000001 /* config.h */,
			);
			name = "Other Sources";
			sourceTree = SOURCE_ROOT;
		};
		29B97317FDCFA39411CA2CEA /* Resources */ = {
			isa = PBXGroup;
			children = (
				55D1287F0F09DA7200E06E2A /* Images */,
				F5709022010A768101000001 /* Maelstrom.icns */,
				55D1289E0F09DAA400E06E2A /* Maelstrom_Fonts */,
				55D1289F0F09DAA400E06E2A /* Maelstrom_Sounds */,
				55D128A00F09DAA400E06E2A /* Maelstrom_Sprites */,
				55D128A10F09DAA400E06E2A /* Maelstrom-Scores */,
				557258B519E5CC730073CDF2 /* SDLMain.xib */,
				55D128BE0F09DB1C00E06E2A /* icon.bmp */,
				089C165CFE840E0CC02AAC07 /* InfoPlist.strings */,
			);
			name = Resources;
			sourceTree = SOURCE_ROOT;
		};
		29B97323FDCFA39411CA2CEA /* Frameworks */ = {
			isa = PBXGroup;
			children = (
				1058C7A0FEA54F0111CA2CBB /* Linked Frameworks */,
				1058C7A2FEA54F0111CA2CBB /* Other Frameworks */,
			);
			name = Frameworks;
			sourceTree = "<group>";
		};
		550CEC501BE8425400453C11 /* screenlib */ = {
			isa = PBXGroup;
			children = (
				550CEC531BE842AC00453C11 /* SDL_FrameBuf.swift */,
			);
			path = screenlib;
			sourceTree = "<group>";
		};
		5515E81C1BE609700048605C /* Swift Maelstrom */ = {
			isa = PBXGroup;
			children = (
				5515E82B1BE60A3F0048605C /* Maelstrom Classes */,
				55A6164F1BE55FEC00AD2049 /* SDLMain.swift */,
				55A616511BE5614600AD2049 /* main.swift */,
				55875D961C9A77FD009C230B /* SDLHelpers.swift */,
				5515E81F1BE609700048605C /* Assets.xcassets */,
				5515E8211BE609700048605C /* MainMenu.xib */,
				5515E8241BE609700048605C /* Info.plist */,
				554E20971BFA89DC00070D91 /* InfoPlist.strings */,
				5515E82A1BE609B40048605C /* bridge.h */,
			);
			path = "Swift Maelstrom";
			sourceTree = "<group>";
		};
		5515E82B1BE60A3F0048605C /* Maelstrom Classes */ = {
			isa = PBXGroup;
			children = (
				55FF31A71BF2E783001977AD /* ButtonList.swift */,
				55FF319D1BF2C5A7001977AD /* Controls.swift */,
				55732AFE1BF4806600CAFFE4 /* Dialog.swift */,
				55FF31AB1BF33444001977AD /* init.swift */,
				55FF31A91BF321F9001977AD /* Load.swift */,
				55D4F8CA1BE9747500F31A0F /* Maelstrom.swift */,
				5515E82C1BE60A760048605C /* Rect.swift */,
				55FF31A11BF2D070001977AD /* Scores.swift */,
				55836C621BF3CB77001605AB /* C++ specific */,
				5515E82F1BE6111C0048605C /* maclib */,
				559658881BEACE7600D8BB39 /* netlogic */,
				550CEC501BE8425400453C11 /* screenlib */,
			);
			name = "Maelstrom Classes";
			sourceTree = "<group>";
		};
		5515E82F1BE6111C0048605C /* maclib */ = {
			isa = PBXGroup;
			children = (
				5515E8351BE68A7D0048605C /* applefile.swift */,
				555968621BE6EBCB003A3001 /* Mac_Compat.swift */,
				55D4F8B71BE83ADB00F31A0F /* Mac_FontServ.swift */,
				5515E8301BE611310048605C /* Mac_Resource.swift */,
				55D4F8B91BE83B0900F31A0F /* Mac_Sound.swift */,
				555968641BE6ED5D003A3001 /* Mac_Wave.swift */,
				5515E8331BE6878E0048605C /* MacBinary.swift */,
				55D4F8B51BE7F3DB00F31A0F /* SwiftHelping.swift */,
				55ADA3EB1BFE68CD00D78509 /* XattrResFork.h */,
				55ADA3E91BFE684400D78509 /* XattrResFork.m */,
			);
			path = maclib;
			sourceTree = "<group>";
		};
		55836C621BF3CB77001605AB /* C++ specific */ = {
			isa = PBXGroup;
			children = (
				55836C631BF3CBA6001605AB /* SwiftLoad.cpp */,
				55875D981C9A7E68009C230B /* SwiftLoad.h */,
				554E20981BFA99D000070D91 /* SColorTable.c */,
				554E20991BFA99D000070D91 /* SColorTable.h */,
			);
			name = "C++ specific";
			sourceTree = "<group>";
		};
		559658881BEACE7600D8BB39 /* netlogic */ = {
			isa = PBXGroup;
			children = (
				55FF31A31BF2E3A6001977AD /* About.swift */,
				55FF31A51BF2E3EE001977AD /* Game.swift */,
				55FF319F1BF2C627001977AD /* Logic.swift */,
				559658891BEACEA400D8BB39 /* Object.swift */,
				55FF31AD1BF33A5F001977AD /* Player.swift */,
				55836C661BF3D409001605AB /* NetPlay.swift */,
				55D95E3A1C9B77C3008441E2 /* Make.swift */,
				5529FE571C9B8CE100C8512D /* Shinobi.swift */,
			);
			path = netlogic;
			sourceTree = "<group>";
		};
/* End PBXGroup section */

/* Begin PBXNativeTarget section */
		5515E81A1BE609700048605C /* Swift Maelstrom */ = {
			isa = PBXNativeTarget;
			buildConfigurationList = 5515E8271BE609700048605C /* Build configuration list for PBXNativeTarget "Swift Maelstrom" */;
			buildPhases = (
				5515E8171BE609700048605C /* Sources */,
				5515E8181BE609700048605C /* Frameworks */,
				5515E8191BE609700048605C /* Resources */,
				55D4F8BF1BE96DEF00F31A0F /* Embed Frameworks */,
			);
			buildRules = (
			);
			dependencies = (
				55D4F8C61BE971BF00F31A0F /* PBXTargetDependency */,
			);
			name = "Swift Maelstrom";
			productName = "Swift Maelstrom";
			productReference = 5515E81B1BE609700048605C /* Swift Maelstrom.app */;
			productType = "com.apple.product-type.application";
		};
		55D128230F09D57F00E06E2A /* Maelstrom-UB */ = {
			isa = PBXNativeTarget;
			buildConfigurationList = 55D1282A0F09D58100E06E2A /* Build configuration list for PBXNativeTarget "Maelstrom-UB" */;
			buildPhases = (
				55D128200F09D57F00E06E2A /* Resources */,
				55D128210F09D57F00E06E2A /* Sources */,
				55D128220F09D57F00E06E2A /* Frameworks */,
				55EBAE1D17174CF20029EB7B /* Copy Frameworks */,
			);
			buildRules = (
			);
			dependencies = (
				55D1287E0F09DA0C00E06E2A /* PBXTargetDependency */,
			);
			name = "Maelstrom-UB";
			productName = "Maelstrom-UB";
			productReference = 55D128240F09D57F00E06E2A /* Maelstrom.app */;
			productType = "com.apple.product-type.application";
		};
		55D128710F09D9BD00E06E2A /* Maelstrom_Server */ = {
			isa = PBXNativeTarget;
			buildConfigurationList = 55D1287B0F09DA0100E06E2A /* Build configuration list for PBXNativeTarget "Maelstrom_Server" */;
			buildPhases = (
				55D1286F0F09D9BD00E06E2A /* Sources */,
				55D128700F09D9BD00E06E2A /* Frameworks */,
			);
			buildRules = (
			);
			dependencies = (
			);
			name = Maelstrom_Server;
			productName = Maelstrom_Server;
			productReference = 55D128720F09D9BD00E06E2A /* Maelstrom_Server */;
			productType = "com.apple.product-type.tool";
		};
/* End PBXNativeTarget section */

/* Begin PBXProject section */
		29B97313FDCFA39411CA2CEA /* Project object */ = {
			isa = PBXProject;
			attributes = {
				LastSwiftUpdateCheck = 0710;
				LastUpgradeCheck = 0920;
				TargetAttributes = {
					5515E81A1BE609700048605C = {
						CreatedOnToolsVersion = 7.1;
						LastSwiftMigration = 0920;
					};
				};
			};
			buildConfigurationList = 55D127E10F09D4BD00E06E2A /* Build configuration list for PBXProject "Maelstrom" */;
			compatibilityVersion = "Xcode 3.2";
			developmentRegion = English;
			hasScannedForEncodings = 0;
			knownRegions = (
				English,
				Japanese,
				French,
				German,
				Base,
			);
			mainGroup = 29B97314FDCFA39411CA2CEA /* SDL Application */;
			projectDirPath = "";
			projectRoot = "";
			targets = (
				55D128230F09D57F00E06E2A /* Maelstrom-UB */,
				55D128710F09D9BD00E06E2A /* Maelstrom_Server */,
				5515E81A1BE609700048605C /* Swift Maelstrom */,
			);
		};
/* End PBXProject section */

/* Begin PBXResourcesBuildPhase section */
		5515E8191BE609700048605C /* Resources */ = {
			isa = PBXResourcesBuildPhase;
			buildActionMask = 2147483647;
			files = (
				55D4F8C71BE971C800F31A0F /* Maelstrom_Server in Resources */,
				553FA84920168F8E00968E4D /* MainMenu.xib in Resources */,
				55D4F8C21BE96FC400F31A0F /* Maelstrom_Sounds in Resources */,
				55D4F8C11BE96FC400F31A0F /* Maelstrom_Fonts in Resources */,
				55D4F8C01BE96FBF00F31A0F /* icon.bmp in Resources */,
				5515E8201BE609700048605C /* Assets.xcassets in Resources */,
				55D4F8C41BE96FC400F31A0F /* Maelstrom-Scores in Resources */,
				554E20921BFA896E00070D91 /* Images in Resources */,
				55D4F8C31BE96FC400F31A0F /* Maelstrom_Sprites in Resources */,
				554E20951BFA89DC00070D91 /* InfoPlist.strings in Resources */,
			);
			runOnlyForDeploymentPostprocessing = 0;
		};
		55D128200F09D57F00E06E2A /* Resources */ = {
			isa = PBXResourcesBuildPhase;
			buildActionMask = 2147483647;
			files = (
				55D128460F09D5C200E06E2A /* InfoPlist.strings in Resources */,
				55D128480F09D5C200E06E2A /* Maelstrom.icns in Resources */,
				55D1287C0F09DA0A00E06E2A /* Maelstrom_Server in Resources */,
				55D1289D0F09DA7200E06E2A /* Images in Resources */,
				55D128A20F09DAA400E06E2A /* Maelstrom_Fonts in Resources */,
				55D128A30F09DAA400E06E2A /* Maelstrom_Sounds in Resources */,
				55D128A40F09DAA400E06E2A /* Maelstrom_Sprites in Resources */,
				55D128A50F09DAA400E06E2A /* Maelstrom-Scores in Resources */,
				557258B619E5CC730073CDF2 /* SDLMain.xib in Resources */,
				55D128BF0F09DB1C00E06E2A /* icon.bmp in Resources */,
			);
			runOnlyForDeploymentPostprocessing = 0;
		};
/* End PBXResourcesBuildPhase section */

/* Begin PBXSourcesBuildPhase section */
		5515E8171BE609700048605C /* Sources */ = {
			isa = PBXSourcesBuildPhase;
			buildActionMask = 2147483647;
			files = (
				55ADA3EA1BFE684400D78509 /* XattrResFork.m in Sources */,
				55D4F8B81BE83ADB00F31A0F /* Mac_FontServ.swift in Sources */,
				550CEC541BE842AC00453C11 /* SDL_FrameBuf.swift in Sources */,
				55D95E3B1C9B77C3008441E2 /* Make.swift in Sources */,
				555968611BE6EB22003A3001 /* fastrand.cpp in Sources */,
				55D4F8B61BE7F3DB00F31A0F /* SwiftHelping.swift in Sources */,
				55D4F8CB1BE9747500F31A0F /* Maelstrom.swift in Sources */,
				5529FE581C9B8CE100C8512D /* Shinobi.swift in Sources */,
				55FF31A41BF2E3A6001977AD /* About.swift in Sources */,
				5515E8311BE611310048605C /* Mac_Resource.swift in Sources */,
				55732AFF1BF4806600CAFFE4 /* Dialog.swift in Sources */,
				5515E8341BE6878E0048605C /* MacBinary.swift in Sources */,
				5515E82D1BE60A760048605C /* Rect.swift in Sources */,
				5515E8361BE68A7D0048605C /* applefile.swift in Sources */,
				55D4F8C81BE9738E00F31A0F /* SDLMain.swift in Sources */,
				55FF31AA1BF321F9001977AD /* Load.swift in Sources */,
				55875D971C9A77FD009C230B /* SDLHelpers.swift in Sources */,
				55FF31A01BF2C627001977AD /* Logic.swift in Sources */,
				5515E82E1BE60F7A0048605C /* main.swift in Sources */,
				555968651BE6ED5D003A3001 /* Mac_Wave.swift in Sources */,
				55836C671BF3D409001605AB /* NetPlay.swift in Sources */,
				55FF31A21BF2D070001977AD /* Scores.swift in Sources */,
				555968631BE6EBCB003A3001 /* Mac_Compat.swift in Sources */,
				554E209A1BFA99D000070D91 /* SColorTable.c in Sources */,
				55FF31AC1BF33444001977AD /* init.swift in Sources */,
				55FF31AE1BF33A5F001977AD /* Player.swift in Sources */,
				55FF31A61BF2E3EE001977AD /* Game.swift in Sources */,
				550CEC551BE84B2100453C11 /* pixel.cpp in Sources */,
				55836C651BF3CBA6001605AB /* SwiftLoad.cpp in Sources */,
				5596588A1BEACEA400D8BB39 /* Object.swift in Sources */,
				55FF31A81BF2E783001977AD /* ButtonList.swift in Sources */,
				55FF319E1BF2C5A7001977AD /* Controls.swift in Sources */,
				55D4F8BA1BE83B0900F31A0F /* Mac_Sound.swift in Sources */,
			);
			runOnlyForDeploymentPostprocessing = 0;
		};
		55D128210F09D57F00E06E2A /* Sources */ = {
			isa = PBXSourcesBuildPhase;
			buildActionMask = 2147483647;
			files = (
				55D1282B0F09D59800E06E2A /* SDLMain.m in Sources */,
				55D1282C0F09D59800E06E2A /* checksum.cpp in Sources */,
				55D1282D0F09D59800E06E2A /* controls.cpp in Sources */,
				55D1282E0F09D59800E06E2A /* dialog.cpp in Sources */,
				55D1282F0F09D59800E06E2A /* fastrand.cpp in Sources */,
				55D128300F09D59800E06E2A /* init.cpp in Sources */,
				55D128310F09D59800E06E2A /* load.cpp in Sources */,
				55D128320F09D59800E06E2A /* main.cpp in Sources */,
				55D128330F09D59800E06E2A /* myerror.cpp in Sources */,
				55D128340F09D59800E06E2A /* rect.cpp in Sources */,
				55D128350F09D59800E06E2A /* scores.cpp in Sources */,
				55D128360F09D59800E06E2A /* pixel.cpp in Sources */,
				55D128370F09D59800E06E2A /* SDL_FrameBuf.cpp in Sources */,
				55D128380F09D59800E06E2A /* Mac_FontServ.cpp in Sources */,
				55D128390F09D59800E06E2A /* Mac_Resource.cpp in Sources */,
				55D1283A0F09D59800E06E2A /* Mac_Sound.cpp in Sources */,
				55D1283B0F09D59800E06E2A /* Mac_Wave.cpp in Sources */,
				55D1283C0F09D59800E06E2A /* about.cpp in Sources */,
				55D1283D0F09D59800E06E2A /* blit.cpp in Sources */,
				55D1283E0F09D59800E06E2A /* game.cpp in Sources */,
				55D1283F0F09D59800E06E2A /* logic.cpp in Sources */,
				55D128400F09D59800E06E2A /* make.cpp in Sources */,
				55D128410F09D59800E06E2A /* netplay.cpp in Sources */,
				55D128420F09D59800E06E2A /* object.cpp in Sources */,
				55D128430F09D59800E06E2A /* player.cpp in Sources */,
				55D128440F09D59800E06E2A /* netscore.cpp in Sources */,
				55D128450F09D59800E06E2A /* objects.cpp in Sources */,
			);
			runOnlyForDeploymentPostprocessing = 0;
		};
		55D1286F0F09D9BD00E06E2A /* Sources */ = {
			isa = PBXSourcesBuildPhase;
			buildActionMask = 2147483647;
			files = (
				55D128790F09D9EA00E06E2A /* Maelstrom-netd.c in Sources */,
			);
			runOnlyForDeploymentPostprocessing = 0;
		};
/* End PBXSourcesBuildPhase section */

/* Begin PBXTargetDependency section */
		55D1287E0F09DA0C00E06E2A /* PBXTargetDependency */ = {
			isa = PBXTargetDependency;
			target = 55D128710F09D9BD00E06E2A /* Maelstrom_Server */;
			targetProxy = 55D1287D0F09DA0C00E06E2A /* PBXContainerItemProxy */;
		};
		55D4F8C61BE971BF00F31A0F /* PBXTargetDependency */ = {
			isa = PBXTargetDependency;
			target = 55D128710F09D9BD00E06E2A /* Maelstrom_Server */;
			targetProxy = 55D4F8C51BE971BF00F31A0F /* PBXContainerItemProxy */;
		};
/* End PBXTargetDependency section */

/* Begin PBXVariantGroup section */
		089C165CFE840E0CC02AAC07 /* InfoPlist.strings */ = {
			isa = PBXVariantGroup;
			children = (
				089C165DFE840E0CC02AAC07 /* English */,
			);
			name = InfoPlist.strings;
			sourceTree = SOURCE_ROOT;
		};
		5515E8211BE609700048605C /* MainMenu.xib */ = {
			isa = PBXVariantGroup;
			children = (
				5515E8221BE609700048605C /* Base */,
			);
			name = MainMenu.xib;
			sourceTree = "<group>";
		};
		554E20971BFA89DC00070D91 /* InfoPlist.strings */ = {
			isa = PBXVariantGroup;
			children = (
				554E20961BFA89DC00070D91 /* en */,
			);
			name = InfoPlist.strings;
			sourceTree = "<group>";
		};
/* End PBXVariantGroup section */

/* Begin XCBuildConfiguration section */
		5515E8251BE609700048605C /* Debug */ = {
			isa = XCBuildConfiguration;
			buildSettings = {
				ALWAYS_SEARCH_USER_PATHS = NO;
				ASSETCATALOG_COMPILER_APPICON_NAME = AppIcon;
				CLANG_ENABLE_MODULES = YES;
				CLANG_ENABLE_OBJC_ARC = YES;
				CLANG_WARN_BOOL_CONVERSION = YES;
				CLANG_WARN_CONSTANT_CONVERSION = YES;
				CLANG_WARN_DIRECT_OBJC_ISA_USAGE = YES_ERROR;
				CLANG_WARN_EMPTY_BODY = YES;
				CLANG_WARN_ENUM_CONVERSION = YES;
				CLANG_WARN_INT_CONVERSION = YES;
				CLANG_WARN_OBJC_ROOT_CLASS = YES_ERROR;
				CLANG_WARN_UNREACHABLE_CODE = YES;
				CLANG_WARN__DUPLICATE_METHOD_MATCH = YES;
				CODE_SIGN_IDENTITY = "-";
				COMBINE_HIDPI_IMAGES = YES;
				COPY_PHASE_STRIP = NO;
				ENABLE_STRICT_OBJC_MSGSEND = YES;
				FRAMEWORK_SEARCH_PATHS = (
					/Library/Frameworks,
					"$(inherited)",
					"$(LOCAL_LIBRARY_DIR)/Frameworks",
				);
				GCC_DYNAMIC_NO_PIC = NO;
				GCC_NO_COMMON_BLOCKS = YES;
				GCC_PREPROCESSOR_DEFINITIONS = (
					"DEBUG=1",
					"$(inherited)",
				);
				GCC_WARN_64_TO_32_BIT_CONVERSION = YES;
				GCC_WARN_ABOUT_RETURN_TYPE = YES_ERROR;
				GCC_WARN_UNDECLARED_SELECTOR = YES;
				GCC_WARN_UNINITIALIZED_AUTOS = YES_AGGRESSIVE;
				GCC_WARN_UNUSED_FUNCTION = YES;
				GCC_WARN_UNUSED_VARIABLE = YES;
				HEADER_SEARCH_PATHS = "$(inherited)";
				INFOPLIST_FILE = "Swift Maelstrom/Info.plist";
				LD_RUNPATH_SEARCH_PATHS = "$(inherited) @executable_path/../Frameworks";
				MACOSX_DEPLOYMENT_TARGET = 10.11;
				MTL_ENABLE_DEBUG_INFO = YES;
				OTHER_SWIFT_FLAGS = "-DWIDE_BOLD";
				PRODUCT_BUNDLE_IDENTIFIER = "com.github.maddthesane.Swift-Maelstrom";
				PRODUCT_NAME = "$(TARGET_NAME)";
				SWIFT_OBJC_BRIDGING_HEADER = "Swift Maelstrom/bridge.h";
				SWIFT_VERSION = 4.0;
			};
			name = Debug;
		};
		5515E8261BE609700048605C /* Release */ = {
			isa = XCBuildConfiguration;
			buildSettings = {
				ALWAYS_SEARCH_USER_PATHS = NO;
				ASSETCATALOG_COMPILER_APPICON_NAME = AppIcon;
				CLANG_ENABLE_MODULES = YES;
				CLANG_ENABLE_OBJC_ARC = YES;
				CLANG_WARN_BOOL_CONVERSION = YES;
				CLANG_WARN_CONSTANT_CONVERSION = YES;
				CLANG_WARN_DIRECT_OBJC_ISA_USAGE = YES_ERROR;
				CLANG_WARN_EMPTY_BODY = YES;
				CLANG_WARN_ENUM_CONVERSION = YES;
				CLANG_WARN_INT_CONVERSION = YES;
				CLANG_WARN_OBJC_ROOT_CLASS = YES_ERROR;
				CLANG_WARN_UNREACHABLE_CODE = YES;
				CLANG_WARN__DUPLICATE_METHOD_MATCH = YES;
				CODE_SIGN_IDENTITY = "-";
				COMBINE_HIDPI_IMAGES = YES;
				COPY_PHASE_STRIP = NO;
				ENABLE_NS_ASSERTIONS = NO;
				ENABLE_STRICT_OBJC_MSGSEND = YES;
				FRAMEWORK_SEARCH_PATHS = (
					/Library/Frameworks,
					"$(inherited)",
					"$(LOCAL_LIBRARY_DIR)/Frameworks",
				);
				GCC_NO_COMMON_BLOCKS = YES;
				GCC_WARN_64_TO_32_BIT_CONVERSION = YES;
				GCC_WARN_ABOUT_RETURN_TYPE = YES_ERROR;
				GCC_WARN_UNDECLARED_SELECTOR = YES;
				GCC_WARN_UNINITIALIZED_AUTOS = YES_AGGRESSIVE;
				GCC_WARN_UNUSED_FUNCTION = YES;
				GCC_WARN_UNUSED_VARIABLE = YES;
				HEADER_SEARCH_PATHS = "$(inherited)";
				INFOPLIST_FILE = "Swift Maelstrom/Info.plist";
				LD_RUNPATH_SEARCH_PATHS = "$(inherited) @executable_path/../Frameworks";
				MACOSX_DEPLOYMENT_TARGET = 10.11;
				MTL_ENABLE_DEBUG_INFO = NO;
				OTHER_SWIFT_FLAGS = "-DWIDE_BOLD";
				PRODUCT_BUNDLE_IDENTIFIER = "com.github.maddthesane.Swift-Maelstrom";
				PRODUCT_NAME = "$(TARGET_NAME)";
				SWIFT_OBJC_BRIDGING_HEADER = "Swift Maelstrom/bridge.h";
				SWIFT_VERSION = 4.0;
			};
			name = Release;
		};
		55D127D80F09D4BC00E06E2A /* Debug */ = {
			isa = XCBuildConfiguration;
			buildSettings = {
				CLANG_ANALYZER_LOCALIZABILITY_NONLOCALIZED = YES;
				CLANG_ANALYZER_NONNULL = YES;
				CLANG_CXX_LANGUAGE_STANDARD = "gnu++0x";
				CLANG_CXX_LIBRARY = "libc++";
				CLANG_WARN_BLOCK_CAPTURE_AUTORELEASING = YES;
				CLANG_WARN_BOOL_CONVERSION = YES;
				CLANG_WARN_COMMA = YES;
				CLANG_WARN_CONSTANT_CONVERSION = YES;
				CLANG_WARN_EMPTY_BODY = YES;
				CLANG_WARN_ENUM_CONVERSION = YES;
				CLANG_WARN_INFINITE_RECURSION = YES;
				CLANG_WARN_INT_CONVERSION = YES;
				CLANG_WARN_NON_LITERAL_NULL_CONVERSION = YES;
				CLANG_WARN_OBJC_LITERAL_CONVERSION = YES;
				CLANG_WARN_RANGE_LOOP_ANALYSIS = YES;
				CLANG_WARN_STRICT_PROTOTYPES = YES;
				CLANG_WARN_SUSPICIOUS_MOVE = YES;
				CLANG_WARN_UNREACHABLE_CODE = YES;
				CLANG_WARN__DUPLICATE_METHOD_MATCH = YES;
				DEBUG_INFORMATION_FORMAT = dwarf;
				ENABLE_STRICT_OBJC_MSGSEND = YES;
				ENABLE_TESTABILITY = YES;
				GCC_C_LANGUAGE_STANDARD = gnu99;
				GCC_ENABLE_FIX_AND_CONTINUE = YES;
				GCC_NO_COMMON_BLOCKS = YES;
				GCC_OPTIMIZATION_LEVEL = 0;
				GCC_VERSION = "";
				GCC_WARN_64_TO_32_BIT_CONVERSION = YES;
				GCC_WARN_ABOUT_RETURN_TYPE = YES;
				GCC_WARN_NON_VIRTUAL_DESTRUCTOR = YES;
				GCC_WARN_UNDECLARED_SELECTOR = YES;
				GCC_WARN_UNINITIALIZED_AUTOS = YES;
				GCC_WARN_UNUSED_FUNCTION = YES;
				GCC_WARN_UNUSED_VARIABLE = YES;
				MACOSX_DEPLOYMENT_TARGET = 10.9;
				ONLY_ACTIVE_ARCH = YES;
				SDKROOT = macosx;
				SWIFT_OPTIMIZATION_LEVEL = "-Onone";
			};
			name = Debug;
		};
		55D127D90F09D4BC00E06E2A /* Release */ = {
			isa = XCBuildConfiguration;
			buildSettings = {
				CLANG_ANALYZER_LOCALIZABILITY_NONLOCALIZED = YES;
				CLANG_ANALYZER_NONNULL = YES;
				CLANG_CXX_LANGUAGE_STANDARD = "gnu++0x";
				CLANG_CXX_LIBRARY = "libc++";
				CLANG_WARN_BLOCK_CAPTURE_AUTORELEASING = YES;
				CLANG_WARN_BOOL_CONVERSION = YES;
				CLANG_WARN_COMMA = YES;
				CLANG_WARN_CONSTANT_CONVERSION = YES;
				CLANG_WARN_EMPTY_BODY = YES;
				CLANG_WARN_ENUM_CONVERSION = YES;
				CLANG_WARN_INFINITE_RECURSION = YES;
				CLANG_WARN_INT_CONVERSION = YES;
				CLANG_WARN_NON_LITERAL_NULL_CONVERSION = YES;
				CLANG_WARN_OBJC_LITERAL_CONVERSION = YES;
				CLANG_WARN_RANGE_LOOP_ANALYSIS = YES;
				CLANG_WARN_STRICT_PROTOTYPES = YES;
				CLANG_WARN_SUSPICIOUS_MOVE = YES;
				CLANG_WARN_UNREACHABLE_CODE = YES;
				CLANG_WARN__DUPLICATE_METHOD_MATCH = YES;
				DEBUG_INFORMATION_FORMAT = "dwarf-with-dsym";
				ENABLE_STRICT_OBJC_MSGSEND = YES;
				GCC_C_LANGUAGE_STANDARD = gnu99;
				GCC_NO_COMMON_BLOCKS = YES;
				GCC_VERSION = "";
				GCC_WARN_64_TO_32_BIT_CONVERSION = YES;
				GCC_WARN_ABOUT_RETURN_TYPE = YES;
				GCC_WARN_NON_VIRTUAL_DESTRUCTOR = YES;
				GCC_WARN_UNDECLARED_SELECTOR = YES;
				GCC_WARN_UNINITIALIZED_AUTOS = YES;
				GCC_WARN_UNUSED_FUNCTION = YES;
				GCC_WARN_UNUSED_VARIABLE = YES;
				MACOSX_DEPLOYMENT_TARGET = 10.9;
				SDKROOT = macosx;
				SWIFT_OPTIMIZATION_LEVEL = "-Owholemodule";
			};
			name = Release;
		};
		55D128270F09D58100E06E2A /* Debug */ = {
			isa = XCBuildConfiguration;
			buildSettings = {
				ALWAYS_SEARCH_USER_PATHS = NO;
				CLANG_ENABLE_MODULES = YES;
				COMBINE_HIDPI_IMAGES = YES;
				COPY_PHASE_STRIP = NO;
				FRAMEWORK_SEARCH_PATHS = /Library/Frameworks;
				GCC_DYNAMIC_NO_PIC = NO;
				GCC_ENABLE_FIX_AND_CONTINUE = YES;
				GCC_OPTIMIZATION_LEVEL = 0;
				GCC_PREPROCESSOR_DEFINITIONS = "";
				HEADER_SEARCH_PATHS = (
					/Library/Frameworks/SDL2.framework/Headers,
					/Library/Frameworks/SDL2_net.framework/Headers,
				);
				INFOPLIST_FILE = "Maelstrom-UB-Info.plist";
				INSTALL_PATH = "$(HOME)/Applications";
				LD_RUNPATH_SEARCH_PATHS = "$(inherited) @executable_path/../Frameworks";
				PRODUCT_BUNDLE_IDENTIFIER = "com.devolution.${PRODUCT_NAME:identifier}";
				PRODUCT_NAME = Maelstrom;
				SWIFT_OBJC_BRIDGING_HEADER = "Maelstrom-UB-Bridging-Header.h";
			};
			name = Debug;
		};
		55D128280F09D58100E06E2A /* Release */ = {
			isa = XCBuildConfiguration;
			buildSettings = {
				ALWAYS_SEARCH_USER_PATHS = NO;
				CLANG_ENABLE_MODULES = YES;
				COMBINE_HIDPI_IMAGES = YES;
				COPY_PHASE_STRIP = YES;
				DEBUG_INFORMATION_FORMAT = "dwarf-with-dsym";
				FRAMEWORK_SEARCH_PATHS = /Library/Frameworks;
				GCC_ENABLE_FIX_AND_CONTINUE = NO;
				GCC_PREPROCESSOR_DEFINITIONS = "";
				HEADER_SEARCH_PATHS = (
					/Library/Frameworks/SDL2.framework/Headers,
					/Library/Frameworks/SDL2_net.framework/Headers,
				);
				INFOPLIST_FILE = "Maelstrom-UB-Info.plist";
				INSTALL_PATH = "$(HOME)/Applications";
				LD_RUNPATH_SEARCH_PATHS = "$(inherited) @executable_path/../Frameworks";
				PRODUCT_BUNDLE_IDENTIFIER = "com.devolution.${PRODUCT_NAME:identifier}";
				PRODUCT_NAME = Maelstrom;
				SWIFT_OBJC_BRIDGING_HEADER = "Maelstrom-UB-Bridging-Header.h";
			};
			name = Release;
		};
		55D128740F09D9BE00E06E2A /* Debug */ = {
			isa = XCBuildConfiguration;
			buildSettings = {
				ALWAYS_SEARCH_USER_PATHS = NO;
				COPY_PHASE_STRIP = NO;
				GCC_DYNAMIC_NO_PIC = NO;
				GCC_ENABLE_FIX_AND_CONTINUE = YES;
				GCC_MODEL_TUNING = G5;
				GCC_OPTIMIZATION_LEVEL = 0;
				INSTALL_PATH = /usr/local/bin;
				PREBINDING = NO;
				PRODUCT_NAME = Maelstrom_Server;
			};
			name = Debug;
		};
		55D128750F09D9BE00E06E2A /* Release */ = {
			isa = XCBuildConfiguration;
			buildSettings = {
				ALWAYS_SEARCH_USER_PATHS = NO;
				COPY_PHASE_STRIP = YES;
				DEBUG_INFORMATION_FORMAT = "dwarf-with-dsym";
				GCC_ENABLE_FIX_AND_CONTINUE = NO;
				GCC_MODEL_TUNING = G5;
				INSTALL_PATH = /usr/local/bin;
				PREBINDING = NO;
				PRODUCT_NAME = Maelstrom_Server;
				ZERO_LINK = NO;
			};
			name = Release;
		};
/* End XCBuildConfiguration section */

/* Begin XCConfigurationList section */
		5515E8271BE609700048605C /* Build configuration list for PBXNativeTarget "Swift Maelstrom" */ = {
			isa = XCConfigurationList;
			buildConfigurations = (
				5515E8251BE609700048605C /* Debug */,
				5515E8261BE609700048605C /* Release */,
			);
			defaultConfigurationIsVisible = 0;
			defaultConfigurationName = Release;
		};
		55D127E10F09D4BD00E06E2A /* Build configuration list for PBXProject "Maelstrom" */ = {
			isa = XCConfigurationList;
			buildConfigurations = (
				55D127D80F09D4BC00E06E2A /* Debug */,
				55D127D90F09D4BC00E06E2A /* Release */,
			);
			defaultConfigurationIsVisible = 0;
			defaultConfigurationName = Release;
		};
		55D1282A0F09D58100E06E2A /* Build configuration list for PBXNativeTarget "Maelstrom-UB" */ = {
			isa = XCConfigurationList;
			buildConfigurations = (
				55D128270F09D58100E06E2A /* Debug */,
				55D128280F09D58100E06E2A /* Release */,
			);
			defaultConfigurationIsVisible = 0;
			defaultConfigurationName = Release;
		};
		55D1287B0F09DA0100E06E2A /* Build configuration list for PBXNativeTarget "Maelstrom_Server" */ = {
			isa = XCConfigurationList;
			buildConfigurations = (
				55D128740F09D9BE00E06E2A /* Debug */,
				55D128750F09D9BE00E06E2A /* Release */,
			);
			defaultConfigurationIsVisible = 0;
			defaultConfigurationName = Release;
		};
/* End XCConfigurationList section */
	};
	rootObject = 29B97313FDCFA39411CA2CEA /* Project object */;
}
